{
    "name": "backend",
    "version": "0.0.0",
    "lockfileVersion": 2,
    "requires": true,
    "packages": {
        "": {
            "name": "backend",
            "version": "0.0.0",
            "license": "AGPL-3.0-or-later",
            "dependencies": {
                "cookie-parser": "^1.4.6",
                "cross-blob": "^3.0.1"
            }
        },
        "../../../brainsatplay/src/build": {
            "name": "tinybuild",
            "version": "0.3.146",
            "extraneous": true,
            "license": "AGPL-3.0-or-later",
            "dependencies": {
                "chokidar": "~3.5.3",
                "esbuild": "~0.14.41",
                "ws": "^8.5.0"
            },
            "bin": {
                "tinybuild": "tinybuild/bin/global.js"
            },
            "peerDependencies": {
                "typescript": "~4.6.4"
            }
        },
        "node_modules/blob-polyfill": {
            "version": "6.0.20211015",
            "resolved": "https://registry.npmjs.org/blob-polyfill/-/blob-polyfill-6.0.20211015.tgz",
            "integrity": "sha512-OGL4bm6ZNpdFAvQugRlQy5MNly8gk15aWi/ZhQHimQsrx9WKD05r+v+xNgHCChLER3MH+9KLAhzuFlwFKrH1Yw=="
        },
        "node_modules/cookie": {
            "version": "0.4.1",
            "resolved": "https://registry.npmjs.org/cookie/-/cookie-0.4.1.tgz",
            "integrity": "sha512-ZwrFkGJxUR3EIoXtO+yVE69Eb7KlixbaeAWfBQB9vVsNn/o+Yw69gBWSSDK825hQNdN+wF8zELf3dFNl/kxkUA==",
            "engines": {
                "node": ">= 0.6"
            }
        },
        "node_modules/cookie-parser": {
            "version": "1.4.6",
            "resolved": "https://registry.npmjs.org/cookie-parser/-/cookie-parser-1.4.6.tgz",
            "integrity": "sha512-z3IzaNjdwUC2olLIB5/ITd0/setiaFMLYiZJle7xg5Fe9KWAceil7xszYfHHBtDFYLSgJduS2Ty0P1uJdPDJeA==",
            "dependencies": {
                "cookie": "0.4.1",
                "cookie-signature": "1.0.6"
            },
            "engines": {
                "node": ">= 0.8.0"
            }
        },
        "node_modules/cookie-signature": {
            "version": "1.0.6",
            "resolved": "https://registry.npmjs.org/cookie-signature/-/cookie-signature-1.0.6.tgz",
            "integrity": "sha512-QADzlaHc8icV8I7vbaJXJwod9HWYp8uCqf1xa4OfNu1T7JVxQIrUgOWtHdNDtPiywmFbiS12VjotIXLrKM3orQ=="
        },
        "node_modules/cross-blob": {
            "version": "3.0.1",
            "resolved": "https://registry.npmjs.org/cross-blob/-/cross-blob-3.0.1.tgz",
            "integrity": "sha512-OfDx5IUeufBuN0jFUusyZQckF0ncqXpgA9manQKBQobnb5UYToR+IWEBhabr0KJPAXDFkmqhXwZ5AYHIgFPHpg==",
            "dependencies": {
                "blob-polyfill": "^6.0.20211015",
                "fetch-blob": "^3.1.4"
            },
            "engines": {
                "node": "^12.20 || >=14.13"
            }
        },
        "node_modules/fetch-blob": {
            "version": "3.1.5",
            "resolved": "https://registry.npmjs.org/fetch-blob/-/fetch-blob-3.1.5.tgz",
            "integrity": "sha512-N64ZpKqoLejlrwkIAnb9iLSA3Vx/kjgzpcDhygcqJ2KKjky8nCgUQ+dzXtbrLaWZGZNmNfQTsiQ0weZ1svglHg==",
            "funding": [
                {
                    "type": "github",
                    "url": "https://github.com/sponsors/jimmywarting"
                },
                {
                    "type": "paypal",
                    "url": "https://paypal.me/jimmywarting"
                }
            ],
            "dependencies": {
                "node-domexception": "^1.0.0",
                "web-streams-polyfill": "^3.0.3"
            },
            "engines": {
                "node": "^12.20 || >= 14.13"
            }
        },
        "node_modules/node-domexception": {
            "version": "1.0.0",
            "resolved": "https://registry.npmjs.org/node-domexception/-/node-domexception-1.0.0.tgz",
            "integrity": "sha512-/jKZoMpw0F8GRwl4/eLROPA3cfcXtLApP0QzLmUT/HuPCZWyB7IY9ZrMeKw2O/nFIqPQB3PVM9aYm0F312AXDQ==",
            "funding": [
                {
                    "type": "github",
                    "url": "https://github.com/sponsors/jimmywarting"
                },
                {
                    "type": "github",
                    "url": "https://paypal.me/jimmywarting"
                }
            ],
            "engines": {
                "node": ">=10.5.0"
            }
        },
        "node_modules/web-streams-polyfill": {
            "version": "3.2.1",
            "resolved": "https://registry.npmjs.org/web-streams-polyfill/-/web-streams-polyfill-3.2.1.tgz",
            "integrity": "sha512-e0MO3wdXWKrLbL0DgGnUV7WHVuw9OUvL4hjgnPkIeEvESk74gAITi5G606JtZPp39cd8HA9VQzCIvA49LpPN5Q==",
            "engines": {
                "node": ">= 8"
            }
        }
    },
    "dependencies": {
        "blob-polyfill": {
            "version": "6.0.20211015",
            "resolved": "https://registry.npmjs.org/blob-polyfill/-/blob-polyfill-6.0.20211015.tgz",
            "integrity": "sha512-OGL4bm6ZNpdFAvQugRlQy5MNly8gk15aWi/ZhQHimQsrx9WKD05r+v+xNgHCChLER3MH+9KLAhzuFlwFKrH1Yw=="
        },
        "cookie": {
            "version": "0.4.1",
            "resolved": "https://registry.npmjs.org/cookie/-/cookie-0.4.1.tgz",
            "integrity": "sha512-ZwrFkGJxUR3EIoXtO+yVE69Eb7KlixbaeAWfBQB9vVsNn/o+Yw69gBWSSDK825hQNdN+wF8zELf3dFNl/kxkUA=="
        },
        "cookie-parser": {
            "version": "1.4.6",
            "resolved": "https://registry.npmjs.org/cookie-parser/-/cookie-parser-1.4.6.tgz",
            "integrity": "sha512-z3IzaNjdwUC2olLIB5/ITd0/setiaFMLYiZJle7xg5Fe9KWAceil7xszYfHHBtDFYLSgJduS2Ty0P1uJdPDJeA==",
            "requires": {
                "cookie": "0.4.1",
                "cookie-signature": "1.0.6"
            }
        },
        "cookie-signature": {
            "version": "1.0.6",
            "resolved": "https://registry.npmjs.org/cookie-signature/-/cookie-signature-1.0.6.tgz",
            "integrity": "sha512-QADzlaHc8icV8I7vbaJXJwod9HWYp8uCqf1xa4OfNu1T7JVxQIrUgOWtHdNDtPiywmFbiS12VjotIXLrKM3orQ=="
        },
        "cross-blob": {
            "version": "3.0.1",
            "resolved": "https://registry.npmjs.org/cross-blob/-/cross-blob-3.0.1.tgz",
            "integrity": "sha512-OfDx5IUeufBuN0jFUusyZQckF0ncqXpgA9manQKBQobnb5UYToR+IWEBhabr0KJPAXDFkmqhXwZ5AYHIgFPHpg==",
            "requires": {
                "blob-polyfill": "^6.0.20211015",
                "fetch-blob": "^3.1.4"
            }
        },
        "fetch-blob": {
            "version": "3.1.5",
            "resolved": "https://registry.npmjs.org/fetch-blob/-/fetch-blob-3.1.5.tgz",
            "integrity": "sha512-N64ZpKqoLejlrwkIAnb9iLSA3Vx/kjgzpcDhygcqJ2KKjky8nCgUQ+dzXtbrLaWZGZNmNfQTsiQ0weZ1svglHg==",
            "requires": {
                "node-domexception": "^1.0.0",
                "web-streams-polyfill": "^3.0.3"
            }
        },
        "node-domexception": {
            "version": "1.0.0",
            "resolved": "https://registry.npmjs.org/node-domexception/-/node-domexception-1.0.0.tgz",
            "integrity": "sha512-/jKZoMpw0F8GRwl4/eLROPA3cfcXtLApP0QzLmUT/HuPCZWyB7IY9ZrMeKw2O/nFIqPQB3PVM9aYm0F312AXDQ=="
        },
        "web-streams-polyfill": {
            "version": "3.2.1",
            "resolved": "https://registry.npmjs.org/web-streams-polyfill/-/web-streams-polyfill-3.2.1.tgz",
            "integrity": "sha512-e0MO3wdXWKrLbL0DgGnUV7WHVuw9OUvL4hjgnPkIeEvESk74gAITi5G606JtZPp39cd8HA9VQzCIvA49LpPN5Q=="
        }
    }
}
