# THIS IS AN AUTOGENERATED FILE. DO NOT EDIT THIS FILE DIRECTLY.
# yarn lockfile v1


"blob-polyfill@^6.0.20211015":
  "integrity" "sha512-OGL4bm6ZNpdFAvQugRlQy5MNly8gk15aWi/ZhQHimQsrx9WKD05r+v+xNgHCChLER3MH+9KLAhzuFlwFKrH1Yw=="
  "resolved" "https://registry.npmjs.org/blob-polyfill/-/blob-polyfill-6.0.20211015.tgz"
  "version" "6.0.20211015"

"cookie-parser@^1.4.6":
  "integrity" "sha512-z3IzaNjdwUC2olLIB5/ITd0/setiaFMLYiZJle7xg5Fe9KWAceil7xszYfHHBtDFYLSgJduS2Ty0P1uJdPDJeA=="
  "resolved" "https://registry.npmjs.org/cookie-parser/-/cookie-parser-1.4.6.tgz"
  "version" "1.4.6"
  dependencies:
    "cookie" "0.4.1"
    "cookie-signature" "1.0.6"

"cookie-signature@1.0.6":
  "integrity" "sha512-QADzlaHc8icV8I7vbaJXJwod9HWYp8uCqf1xa4OfNu1T7JVxQIrUgOWtHdNDtPiywmFbiS12VjotIXLrKM3orQ=="
  "resolved" "https://registry.npmjs.org/cookie-signature/-/cookie-signature-1.0.6.tgz"
  "version" "1.0.6"

"cookie@0.4.1":
  "integrity" "sha512-ZwrFkGJxUR3EIoXtO+yVE69Eb7KlixbaeAWfBQB9vVsNn/o+Yw69gBWSSDK825hQNdN+wF8zELf3dFNl/kxkUA=="
  "resolved" "https://registry.npmjs.org/cookie/-/cookie-0.4.1.tgz"
  "version" "0.4.1"

"cross-blob@^3.0.1":
  "integrity" "sha512-OfDx5IUeufBuN0jFUusyZQckF0ncqXpgA9manQKBQobnb5UYToR+IWEBhabr0KJPAXDFkmqhXwZ5AYHIgFPHpg=="
  "resolved" "https://registry.npmjs.org/cross-blob/-/cross-blob-3.0.1.tgz"
  "version" "3.0.1"
  dependencies:
    "blob-polyfill" "^6.0.20211015"
    "fetch-blob" "^3.1.4"

"fetch-blob@^3.1.4":
  "integrity" "sha512-N64ZpKqoLejlrwkIAnb9iLSA3Vx/kjgzpcDhygcqJ2KKjky8nCgUQ+dzXtbrLaWZGZNmNfQTsiQ0weZ1svglHg=="
  "resolved" "https://registry.npmjs.org/fetch-blob/-/fetch-blob-3.1.5.tgz"
  "version" "3.1.5"
  dependencies:
    "node-domexception" "^1.0.0"
    "web-streams-polyfill" "^3.0.3"

"node-domexception@^1.0.0":
  "integrity" "sha512-/jKZoMpw0F8GRwl4/eLROPA3cfcXtLApP0QzLmUT/HuPCZWyB7IY9ZrMeKw2O/nFIqPQB3PVM9aYm0F312AXDQ=="
  "resolved" "https://registry.npmjs.org/node-domexception/-/node-domexception-1.0.0.tgz"
  "version" "1.0.0"

"tinybuild@file:../../../brainsatplay/src/build":
  "resolved" "file:../../../brainsatplay/src/build"
  "version" "0.3.146"
  dependencies:
    "chokidar" "~3.5.3"
    "esbuild" "~0.14.41"
    "ws" "^8.5.0"

"web-streams-polyfill@^3.0.3":
  "integrity" "sha512-e0MO3wdXWKrLbL0DgGnUV7WHVuw9OUvL4hjgnPkIeEvESk74gAITi5G606JtZPp39cd8HA9VQzCIvA49LpPN5Q=="
  "resolved" "https://registry.npmjs.org/web-streams-polyfill/-/web-streams-polyfill-3.2.1.tgz"
  "version" "3.2.1"
